
Microsoft Visual Studio Solution File, Format Version 12.00
# Visual Studio Express 2012 for Windows Desktop
Project("{FAE04EC0-301F-11D3-BF4B-00C04F79EFBC}") = "dodaj", "dodaj.csproj", "{C980D4C2-75A3-4E76-AAD8-71B8F67CE352}"
EndProject
Global
	GlobalSection(SolutionConfigurationPlatforms) = preSolution
		Debug|Any CPU = Debug|Any CPU
		Release|Any CPU = Release|Any CPU
	EndGlobalSection
	GlobalSection(ProjectConfigurationPlatforms) = postSolution
		{C980D4C2-75A3-4E76-AAD8-71B8F67CE352}.Debug|Any CPU.ActiveCfg = Debug|Any CPU
		{C980D4C2-75A3-4E76-AAD8-71B8F67CE352}.Debug|Any CPU.Build.0 = Debug|Any CPU
		{C980D4C2-75A3-4E76-AAD8-71B8F67CE352}.Release|Any CPU.ActiveCfg = Release|Any CPU
		{C980D4C2-75A3-4E76-AAD8-71B8F67CE352}.Release|Any CPU.Build.0 = Release|Any CPU
	EndGlobalSection
	GlobalSection(SolutionProperties) = preSolution
		HideSolutionNode = FALSE
	EndGlobalSection
EndGlobal
